
Microsoft Visual Studio Solution File, Format Version 12.00
# Visual Studio Version 16
VisualStudioVersion = 16.0.31005.135
MinimumVisualStudioVersion = 10.0.40219.1
Project("{FAE04EC0-301F-11D3-BF4B-00C04F79EFBC}") = "okulodev", "okulodev\okulodev.csproj", "{074E782D-8CB0-4E6B-BECB-901D8C1BA40A}"
EndProject
Global
	GlobalSection(SolutionConfigurationPlatforms) = preSolution
		Debug|Any CPU = Debug|Any CPU
		Release|Any CPU = Release|Any CPU
	EndGlobalSection
	GlobalSection(ProjectConfigurationPlatforms) = postSolution
		{074E782D-8CB0-4E6B-BECB-901D8C1BA40A}.Debug|Any CPU.ActiveCfg = Debug|Any CPU
		{074E782D-8CB0-4E6B-BECB-901D8C1BA40A}.Debug|Any CPU.Build.0 = Debug|Any CPU
		{074E782D-8CB0-4E6B-BECB-901D8C1BA40A}.Release|Any CPU.ActiveCfg = Release|Any CPU
		{074E782D-8CB0-4E6B-BECB-901D8C1BA40A}.Release|Any CPU.Build.0 = Release|Any CPU
	EndGlobalSection
	GlobalSection(SolutionProperties) = preSolution
		HideSolutionNode = FALSE
	EndGlobalSection
	GlobalSection(ExtensibilityGlobals) = postSolution
		SolutionGuid = {C27517B2-1F65-4111-B879-1FA3D01214F5}
	EndGlobalSection
EndGlobal
